
Microsoft Visual Studio Solution File, Format Version 12.00
Project("{FAE04EC0-301F-11D3-BF4B-00C04F79EFBC}") = "Domain", "Domain\Domain.csproj", "{F1D78EC3-F1A6-4D28-83CA-E80AEBEFD0FB}"
EndProject
Project("{FAE04EC0-301F-11D3-BF4B-00C04F79EFBC}") = "DomainTest", "DomainTest\DomainTest.csproj", "{72E3A59F-FDF0-49FB-8E1B-76BB2E33E0CE}"
EndProject
Global
	GlobalSection(SolutionConfigurationPlatforms) = preSolution
		Debug|Any CPU = Debug|Any CPU
		Release|Any CPU = Release|Any CPU
	EndGlobalSection
	GlobalSection(ProjectConfigurationPlatforms) = postSolution
		{F1D78EC3-F1A6-4D28-83CA-E80AEBEFD0FB}.Debug|Any CPU.ActiveCfg = Debug|Any CPU
		{F1D78EC3-F1A6-4D28-83CA-E80AEBEFD0FB}.Debug|Any CPU.Build.0 = Debug|Any CPU
		{F1D78EC3-F1A6-4D28-83CA-E80AEBEFD0FB}.Release|Any CPU.ActiveCfg = Release|Any CPU
		{F1D78EC3-F1A6-4D28-83CA-E80AEBEFD0FB}.Release|Any CPU.Build.0 = Release|Any CPU
		{72E3A59F-FDF0-49FB-8E1B-76BB2E33E0CE}.Debug|Any CPU.ActiveCfg = Debug|Any CPU
		{72E3A59F-FDF0-49FB-8E1B-76BB2E33E0CE}.Debug|Any CPU.Build.0 = Debug|Any CPU
		{72E3A59F-FDF0-49FB-8E1B-76BB2E33E0CE}.Release|Any CPU.ActiveCfg = Release|Any CPU
		{72E3A59F-FDF0-49FB-8E1B-76BB2E33E0CE}.Release|Any CPU.Build.0 = Release|Any CPU
	EndGlobalSection
EndGlobal
